
Microsoft Visual Studio Solution File, Format Version 12.00
# Visual Studio Version 17
VisualStudioVersion = 17.9.34728.123
MinimumVisualStudioVersion = 10.0.40219.1
Project("{9092AA53-FB77-4645-B42D-1CCCA6BD08BD}") = "NodejsConsoleApp10", "NodejsConsoleApp10\NodejsConsoleApp10.njsproj", "{EE1DB95F-BFA6-4AF2-9B2A-449510D0A37D}"
EndProject
Global
	GlobalSection(SolutionConfigurationPlatforms) = preSolution
		Debug|Any CPU = Debug|Any CPU
		Release|Any CPU = Release|Any CPU
	EndGlobalSection
	GlobalSection(ProjectConfigurationPlatforms) = postSolution
		{EE1DB95F-BFA6-4AF2-9B2A-449510D0A37D}.Debug|Any CPU.ActiveCfg = Debug|Any CPU
		{EE1DB95F-BFA6-4AF2-9B2A-449510D0A37D}.Debug|Any CPU.Build.0 = Debug|Any CPU
		{EE1DB95F-BFA6-4AF2-9B2A-449510D0A37D}.Release|Any CPU.ActiveCfg = Release|Any CPU
		{EE1DB95F-BFA6-4AF2-9B2A-449510D0A37D}.Release|Any CPU.Build.0 = Release|Any CPU
	EndGlobalSection
	GlobalSection(SolutionProperties) = preSolution
		HideSolutionNode = FALSE
	EndGlobalSection
	GlobalSection(ExtensibilityGlobals) = postSolution
		SolutionGuid = {08097AA6-58AA-4AD6-A3C5-A3A0BD48AD0A}
	EndGlobalSection
EndGlobal
